{
  "lockfileVersion": 2,
  "configVersion": 1,
  "workspaces": {
    "": {
      "devDependencies": {
        "binaryen": "^132.0.0",
        "lefthook": "^2.2.0",
      },
    },
  },
  "packages": {
    "binaryen": ["binaryen@132.0.0", "", { "bin": { "wasm-as": "bin/wasm-as", "wasm2js": "bin/wasm2js", "wasm-dis": "bin/wasm-dis", "wasm-opt": "bin/wasm-opt", "wasm-merge": "bin/wasm-merge", "wasm-shell": "bin/wasm-shell", "wasm-reduce": "bin/wasm-reduce", "wasm-metadce": "bin/wasm-metadce", "wasm-ctor-eval": "bin/wasm-ctor-eval" } }, "sha512-4Usg7yEvwO3FMso3Oov6qkOOHSod1IEv+boKkh77kTljM+eNBouqCTbqWswGzbG+vDNO/b/v2C4gfEh1WgB9Lg=="],

    "lefthook": ["lefthook@2.2.0", "", { "optionalDependencies": { "lefthook-darwin-arm64": "2.2.0", "lefthook-darwin-x64": "2.2.0", "lefthook-freebsd-arm64": "2.2.0", "lefthook-freebsd-x64": "2.2.0", "lefthook-linux-arm64": "2.2.0", "lefthook-linux-x64": "2.2.0", "lefthook-openbsd-arm64": "2.2.0", "lefthook-openbsd-x64": "2.2.0", "lefthook-windows-arm64": "2.2.0", "lefthook-windows-x64": "2.2.0" }, "bin": { "lefthook": "bin/index.js" } }, "sha512-nEDic8eec9/+SPsSugzD55BThOrtPrY5vPAnlZq42afRxMssYYm+d4A8SFP9DB0bZCZyLqbTTYNof7zMgQOObQ=="],

    "lefthook-darwin-arm64": ["lefthook-darwin-arm64@2.2.0", "", { "os": "darwin", "cpu": "arm64" }, "sha512-7Y5Kq7jxi69lQz0w8EMbB3acxPYSIlCZx1ZykurlmkPYm7pYF4hvFzou+e9QXpuvuBpHJF+lgzwdiPxeEoVOaA=="],

    "lefthook-darwin-x64": ["lefthook-darwin-x64@2.2.0", "", { "os": "darwin", "cpu": "x64" }, "sha512-2yJenDYDCOHJqywQpDRxwfgUP3UwhikOaoa07k5J5F3Gov3+im8HnDvcHV81Of1V3sT/gxD4T+mZ6a3GFb3zvQ=="],

    "lefthook-freebsd-arm64": ["lefthook-freebsd-arm64@2.2.0", "", { "os": "freebsd", "cpu": "arm64" }, "sha512-bRtEN4c1Z4yUxb8nDo2y6dbEhPfKmsEBO8xi7e/SjA3tITR0sgD2MBDsUmRoTIxvZPssGWKfURlFVmrH0cRQnA=="],

    "lefthook-freebsd-x64": ["lefthook-freebsd-x64@2.2.0", "", { "os": "freebsd", "cpu": "x64" }, "sha512-jYLatxOW4bjCRCc8KCO7gRuSm38IzmU32nVbJrgZgLnbxUjKv3seLMK0nODYx2UobFLVqptul+hWJG/6zX5SWQ=="],

    "lefthook-linux-arm64": ["lefthook-linux-arm64@2.2.0", "", { "os": "linux", "cpu": "arm64" }, "sha512-ynLPEhiuB8qyECBWKF9VbAekWpyPSXfurujPvJdtkyXN+kkiByiU62pdQ5KdSTxNyfYDiMCN81T9SoQZUdxxoQ=="],

    "lefthook-linux-x64": ["lefthook-linux-x64@2.2.0", "", { "os": "linux", "cpu": "x64" }, "sha512-s+JLh+mkZLyHqMFmURT10VbGWjU5M3rlvj+8bGJKqLbza49ULivWZAOQue6Y0kF2as7k5uC6k9w07KcJvYdYsw=="],

    "lefthook-openbsd-arm64": ["lefthook-openbsd-arm64@2.2.0", "", { "os": "openbsd", "cpu": "arm64" }, "sha512-SkZ2q8J4mTW1L53nLiAmFcx2fuv5nO+8AdgS8eUnL7v7RPLT9+8LjyK89EMgdRKgiHGIZG1wi3dnOY1eaLiXlw=="],

    "lefthook-openbsd-x64": ["lefthook-openbsd-x64@2.2.0", "", { "os": "openbsd", "cpu": "x64" }, "sha512-AEfa2aerI/r8lBBeGXKoW101SRAKOAT72mC6a7idHoEA96UgCBdRYCuULeZBJveRROKZMyoHrVB/I+SxrEV95w=="],

    "lefthook-windows-arm64": ["lefthook-windows-arm64@2.2.0", "", { "os": "win32", "cpu": "arm64" }, "sha512-JsEOkRiAL9lNH1vFhfarKpTDWamfzl31RmU/WD9enjRpiUW8+AMtDmO0VJAw5aX5wZclG2HIUT6vJdKXwrjYFg=="],

    "lefthook-windows-x64": ["lefthook-windows-x64@2.2.0", "", { "os": "win32", "cpu": "x64" }, "sha512-mPME3KcWxYL2J3r21F0yKcwwK2VbemizFSuDfwL7dSGgD59ejga2Gk041BEg5WUFkfCPqKpMJifQzhKskJMOPA=="],
  }
}
