{
  "lockfileVersion": 2,
  "configVersion": 1,
  "workspaces": {
    "": {
      "devDependencies": {
        "binaryen": "^132.0.0",
      },
    },
  },
  "packages": {
    "binaryen": ["binaryen@132.0.0", "", { "bin": { "wasm-as": "bin/wasm-as", "wasm2js": "bin/wasm2js", "wasm-dis": "bin/wasm-dis", "wasm-opt": "bin/wasm-opt", "wasm-merge": "bin/wasm-merge", "wasm-shell": "bin/wasm-shell", "wasm-reduce": "bin/wasm-reduce", "wasm-metadce": "bin/wasm-metadce", "wasm-ctor-eval": "bin/wasm-ctor-eval" } }, "sha512-4Usg7yEvwO3FMso3Oov6qkOOHSod1IEv+boKkh77kTljM+eNBouqCTbqWswGzbG+vDNO/b/v2C4gfEh1WgB9Lg=="],
  }
}
